{
  "originHash" : "1ef2b0617f1bd6f01a416b94b230eabcd4fa6960bbc476ab654f2c04d9fdb1d0",
  "pins" : [
    {
      "identity" : "progresshud",
      "kind" : "remoteSourceControl",
      "location" : "https://github.com/relatedcode/ProgressHUD",
      "state" : {
        "revision" : "46792db49f80454879a939f9b2be31bb61c37b0c",
        "version" : "13.8.6"
      }
    }
  ],
  "version" : 3
}
